// !$*UTF8*$!
{
	archiveVersion = 1;
	classes = {
	};
	objectVersion = 50;
	objects = {

/* Begin PBXBuildFile section */
		5F0A896C261EF1F7001E3FF2 /* UserProgress.swift in Sources */ = {isa = PBXBuildFile; fileRef = 5F0A896B261EF1F7001E3FF2 /* UserProgress.swift */; };
		5F0A896F261EF610001E3FF2 /* Playground1.storyboard in Resources */ = {isa = PBXBuildFile; fileRef = 5F0A896E261EF610001E3FF2 /* Playground1.storyboard */; };
		5F0A8972261EF69E001E3FF2 /* Playground1ViewController.swift in Sources */ = {isa = PBXBuildFile; fileRef = 5F0A8971261EF69E001E3FF2 /* Playground1ViewController.swift */; };
		5F0BC4742624221F005F9416 /* Playground2.storyboard in Resources */ = {isa = PBXBuildFile; fileRef = 5F0BC4732624221F005F9416 /* Playground2.storyboard */; };
		5F0BC47726242233005F9416 /* Playground2ViewController.swift in Sources */ = {isa = PBXBuildFile; fileRef = 5F0BC47626242233005F9416 /* Playground2ViewController.swift */; };
		5F0BC47C2624225F005F9416 /* Playground3.storyboard in Resources */ = {isa = PBXBuildFile; fileRef = 5F0BC47B2624225F005F9416 /* Playground3.storyboard */; };
		5F0BC47F26242276005F9416 /* Playground3ViewController.swift in Sources */ = {isa = PBXBuildFile; fileRef = 5F0BC47E26242276005F9416 /* Playground3ViewController.swift */; };
		5F0BC48C26242A7C005F9416 /* RecycledItemsData.swift in Sources */ = {isa = PBXBuildFile; fileRef = 5F0BC48B26242A7C005F9416 /* RecycledItemsData.swift */; };
		5F0BC48F26242A85005F9416 /* ItemData.swift in Sources */ = {isa = PBXBuildFile; fileRef = 5F0BC48E26242A85005F9416 /* ItemData.swift */; };
		5F6C36362625F87E0081DB74 /* ItemDetailViewController.swift in Sources */ = {isa = PBXBuildFile; fileRef = 5F6C36352625F87E0081DB74 /* ItemDetailViewController.swift */; };
		5F6C363C2625F88A0081DB74 /* RecycleCollectionViewCell.swift in Sources */ = {isa = PBXBuildFile; fileRef = 5F6C36382625F8890081DB74 /* RecycleCollectionViewCell.swift */; };
		5F6C363D2625F88A0081DB74 /* Workshop.storyboard in Resources */ = {isa = PBXBuildFile; fileRef = 5F6C36392625F8890081DB74 /* Workshop.storyboard */; };
		5F6C363E2625F88A0081DB74 /* NormalItemDetailViewController.swift in Sources */ = {isa = PBXBuildFile; fileRef = 5F6C363A2625F8890081DB74 /* NormalItemDetailViewController.swift */; };
		5F6C363F2625F88A0081DB74 /* WorkshopViewController.swift in Sources */ = {isa = PBXBuildFile; fileRef = 5F6C363B2625F8890081DB74 /* WorkshopViewController.swift */; };
		5FBD6DD8261DB26A00EB0322 /* AppDelegate.swift in Sources */ = {isa = PBXBuildFile; fileRef = 5FBD6DD7261DB26A00EB0322 /* AppDelegate.swift */; };
		5FBD6DDA261DB26A00EB0322 /* SceneDelegate.swift in Sources */ = {isa = PBXBuildFile; fileRef = 5FBD6DD9261DB26A00EB0322 /* SceneDelegate.swift */; };
		5FBD6DDC261DB26A00EB0322 /* ViewController.swift in Sources */ = {isa = PBXBuildFile; fileRef = 5FBD6DDB261DB26A00EB0322 /* ViewController.swift */; };
		5FBD6DDF261DB26A00EB0322 /* Main.storyboard in Resources */ = {isa = PBXBuildFile; fileRef = 5FBD6DDD261DB26A00EB0322 /* Main.storyboard */; };
		5FBD6DE2261DB26A00EB0322 /* recycle_hero_app.xcdatamodeld in Sources */ = {isa = PBXBuildFile; fileRef = 5FBD6DE0261DB26A00EB0322 /* recycle_hero_app.xcdatamodeld */; };
		5FBD6DE4261DB26B00EB0322 /* Assets.xcassets in Resources */ = {isa = PBXBuildFile; fileRef = 5FBD6DE3261DB26B00EB0322 /* Assets.xcassets */; };
		5FBD6DE7261DB26B00EB0322 /* LaunchScreen.storyboard in Resources */ = {isa = PBXBuildFile; fileRef = 5FBD6DE5261DB26B00EB0322 /* LaunchScreen.storyboard */; };
		5FBD6DF1261DB4FD00EB0322 /* StoryPage.storyboard in Resources */ = {isa = PBXBuildFile; fileRef = 5FBD6DF0261DB4FD00EB0322 /* StoryPage.storyboard */; };
		5FE3D9D426255B63005C9C07 /* StoryPageViewController.swift in Sources */ = {isa = PBXBuildFile; fileRef = 5FE3D9D326255B63005C9C07 /* StoryPageViewController.swift */; };
		5FE3D9D726255F3C005C9C07 /* StoryViewController.swift in Sources */ = {isa = PBXBuildFile; fileRef = 5FE3D9D626255F3C005C9C07 /* StoryViewController.swift */; };
		5FE3D9E026256AA2005C9C07 /* StoryContentViewController.swift in Sources */ = {isa = PBXBuildFile; fileRef = 5FE3D9DF26256AA2005C9C07 /* StoryContentViewController.swift */; };
		6000AC6B2621CFA000698B4A /* Item.swift in Sources */ = {isa = PBXBuildFile; fileRef = 6000AC6A2621CFA000698B4A /* Item.swift */; };
		6000AC6E2621D67200698B4A /* RecycledItem.swift in Sources */ = {isa = PBXBuildFile; fileRef = 6000AC6D2621D67200698B4A /* RecycledItem.swift */; };
		60184856261DF010008F6063 /* StageMenu.storyboard in Resources */ = {isa = PBXBuildFile; fileRef = 60184855261DF010008F6063 /* StageMenu.storyboard */; };
		60184859261E0319008F6063 /* StageMenuController.swift in Sources */ = {isa = PBXBuildFile; fileRef = 60184858261E0319008F6063 /* StageMenuController.swift */; };
/* End PBXBuildFile section */

/* Begin PBXFileReference section */
		5F0A896B261EF1F7001E3FF2 /* UserProgress.swift */ = {isa = PBXFileReference; lastKnownFileType = sourcecode.swift; path = UserProgress.swift; sourceTree = "<group>"; };
		5F0A896E261EF610001E3FF2 /* Playground1.storyboard */ = {isa = PBXFileReference; lastKnownFileType = file.storyboard; path = Playground1.storyboard; sourceTree = "<group>"; };
		5F0A8971261EF69E001E3FF2 /* Playground1ViewController.swift */ = {isa = PBXFileReference; lastKnownFileType = sourcecode.swift; path = Playground1ViewController.swift; sourceTree = "<group>"; };
		5F0BC4732624221F005F9416 /* Playground2.storyboard */ = {isa = PBXFileReference; lastKnownFileType = file.storyboard; path = Playground2.storyboard; sourceTree = "<group>"; };
		5F0BC47626242233005F9416 /* Playground2ViewController.swift */ = {isa = PBXFileReference; lastKnownFileType = sourcecode.swift; path = Playground2ViewController.swift; sourceTree = "<group>"; };
		5F0BC47B2624225F005F9416 /* Playground3.storyboard */ = {isa = PBXFileReference; lastKnownFileType = file.storyboard; path = Playground3.storyboard; sourceTree = "<group>"; };
		5F0BC47E26242276005F9416 /* Playground3ViewController.swift */ = {isa = PBXFileReference; lastKnownFileType = sourcecode.swift; path = Playground3ViewController.swift; sourceTree = "<group>"; };
		5F0BC48B26242A7C005F9416 /* RecycledItemsData.swift */ = {isa = PBXFileReference; lastKnownFileType = sourcecode.swift; path = RecycledItemsData.swift; sourceTree = "<group>"; };
		5F0BC48E26242A85005F9416 /* ItemData.swift */ = {isa = PBXFileReference; lastKnownFileType = sourcecode.swift; path = ItemData.swift; sourceTree = "<group>"; };
		5F6C36352625F87E0081DB74 /* ItemDetailViewController.swift */ = {isa = PBXFileReference; fileEncoding = 4; lastKnownFileType = sourcecode.swift; path = ItemDetailViewController.swift; sourceTree = "<group>"; };
		5F6C36382625F8890081DB74 /* RecycleCollectionViewCell.swift */ = {isa = PBXFileReference; fileEncoding = 4; lastKnownFileType = sourcecode.swift; path = RecycleCollectionViewCell.swift; sourceTree = "<group>"; };
		5F6C36392625F8890081DB74 /* Workshop.storyboard */ = {isa = PBXFileReference; fileEncoding = 4; lastKnownFileType = file.storyboard; path = Workshop.storyboard; sourceTree = "<group>"; };
		5F6C363A2625F8890081DB74 /* NormalItemDetailViewController.swift */ = {isa = PBXFileReference; fileEncoding = 4; lastKnownFileType = sourcecode.swift; path = NormalItemDetailViewController.swift; sourceTree = "<group>"; };
		5F6C363B2625F8890081DB74 /* WorkshopViewController.swift */ = {isa = PBXFileReference; fileEncoding = 4; lastKnownFileType = sourcecode.swift; path = WorkshopViewController.swift; sourceTree = "<group>"; };
		5FBD6DD4261DB26A00EB0322 /* recycle-hero-app.app */ = {isa = PBXFileReference; explicitFileType = wrapper.application; includeInIndex = 0; path = "recycle-hero-app.app"; sourceTree = BUILT_PRODUCTS_DIR; };
		5FBD6DD7261DB26A00EB0322 /* AppDelegate.swift */ = {isa = PBXFileReference; lastKnownFileType = sourcecode.swift; path = AppDelegate.swift; sourceTree = "<group>"; };
		5FBD6DD9261DB26A00EB0322 /* SceneDelegate.swift */ = {isa = PBXFileReference; lastKnownFileType = sourcecode.swift; path = SceneDelegate.swift; sourceTree = "<group>"; };
		5FBD6DDB261DB26A00EB0322 /* ViewController.swift */ = {isa = PBXFileReference; lastKnownFileType = sourcecode.swift; path = ViewController.swift; sourceTree = "<group>"; };
		5FBD6DDE261DB26A00EB0322 /* Base */ = {isa = PBXFileReference; lastKnownFileType = file.storyboard; name = Base; path = Base.lproj/Main.storyboard; sourceTree = "<group>"; };
		5FBD6DE1261DB26A00EB0322 /* recycle_hero_app.xcdatamodel */ = {isa = PBXFileReference; lastKnownFileType = wrapper.xcdatamodel; path = recycle_hero_app.xcdatamodel; sourceTree = "<group>"; };
		5FBD6DE3261DB26B00EB0322 /* Assets.xcassets */ = {isa = PBXFileReference; lastKnownFileType = folder.assetcatalog; path = Assets.xcassets; sourceTree = "<group>"; };
		5FBD6DE6261DB26B00EB0322 /* Base */ = {isa = PBXFileReference; lastKnownFileType = file.storyboard; name = Base; path = Base.lproj/LaunchScreen.storyboard; sourceTree = "<group>"; };
		5FBD6DE8261DB26B00EB0322 /* Info.plist */ = {isa = PBXFileReference; lastKnownFileType = text.plist.xml; path = Info.plist; sourceTree = "<group>"; };
		5FBD6DF0261DB4FD00EB0322 /* StoryPage.storyboard */ = {isa = PBXFileReference; lastKnownFileType = file.storyboard; path = StoryPage.storyboard; sourceTree = "<group>"; };
		5FE3D9D326255B63005C9C07 /* StoryPageViewController.swift */ = {isa = PBXFileReference; lastKnownFileType = sourcecode.swift; path = StoryPageViewController.swift; sourceTree = "<group>"; };
		5FE3D9D626255F3C005C9C07 /* StoryViewController.swift */ = {isa = PBXFileReference; lastKnownFileType = sourcecode.swift; path = StoryViewController.swift; sourceTree = "<group>"; };
		5FE3D9DF26256AA2005C9C07 /* StoryContentViewController.swift */ = {isa = PBXFileReference; lastKnownFileType = sourcecode.swift; path = StoryContentViewController.swift; sourceTree = "<group>"; };
		6000AC6A2621CFA000698B4A /* Item.swift */ = {isa = PBXFileReference; lastKnownFileType = sourcecode.swift; path = Item.swift; sourceTree = "<group>"; };
		6000AC6D2621D67200698B4A /* RecycledItem.swift */ = {isa = PBXFileReference; lastKnownFileType = sourcecode.swift; path = RecycledItem.swift; sourceTree = "<group>"; };
		60184855261DF010008F6063 /* StageMenu.storyboard */ = {isa = PBXFileReference; lastKnownFileType = file.storyboard; path = StageMenu.storyboard; sourceTree = "<group>"; };
		60184858261E0319008F6063 /* StageMenuController.swift */ = {isa = PBXFileReference; lastKnownFileType = sourcecode.swift; path = StageMenuController.swift; sourceTree = "<group>"; };
/* End PBXFileReference section */

/* Begin PBXFrameworksBuildPhase section */
		5FBD6DD1261DB26A00EB0322 /* Frameworks */ = {
			isa = PBXFrameworksBuildPhase;
			buildActionMask = 2147483647;
			files = (
			);
			runOnlyForDeploymentPostprocessing = 0;
		};
/* End PBXFrameworksBuildPhase section */

/* Begin PBXGroup section */
		5F0BC49226242AC0005F9416 /* Model */ = {
			isa = PBXGroup;
			children = (
				6000AC6A2621CFA000698B4A /* Item.swift */,
				6000AC6D2621D67200698B4A /* RecycledItem.swift */,
			);
			path = Model;
			sourceTree = "<group>";
		};
		5F0BC49326242AD3005F9416 /* Data */ = {
			isa = PBXGroup;
			children = (
				5F0BC48E26242A85005F9416 /* ItemData.swift */,
				5F0BC48B26242A7C005F9416 /* RecycledItemsData.swift */,
			);
			path = Data;
			sourceTree = "<group>";
		};
		5F0BC49526242AF0005F9416 /* Controllers */ = {
			isa = PBXGroup;
			children = (
				5FBD6DDB261DB26A00EB0322 /* ViewController.swift */,
				60184858261E0319008F6063 /* StageMenuController.swift */,
				5FE3D9E326256FEE005C9C07 /* Story */,
				5F0A8971261EF69E001E3FF2 /* Playground1ViewController.swift */,
				5F0BC47626242233005F9416 /* Playground2ViewController.swift */,
				5F0BC47E26242276005F9416 /* Playground3ViewController.swift */,
				5F6C363B2625F8890081DB74 /* WorkshopViewController.swift */,
				5F6C36352625F87E0081DB74 /* ItemDetailViewController.swift */,
				5F6C363A2625F8890081DB74 /* NormalItemDetailViewController.swift */,
				5F6C36382625F8890081DB74 /* RecycleCollectionViewCell.swift */,
			);
			path = Controllers;
			sourceTree = "<group>";
		};
		5F0BC49726242B38005F9416 /* Storyboards */ = {
			isa = PBXGroup;
			children = (
				5FBD6DDD261DB26A00EB0322 /* Main.storyboard */,
				5FBD6DF0261DB4FD00EB0322 /* StoryPage.storyboard */,
				60184855261DF010008F6063 /* StageMenu.storyboard */,
				5F0A896E261EF610001E3FF2 /* Playground1.storyboard */,
				5F0BC4732624221F005F9416 /* Playground2.storyboard */,
				5F0BC47B2624225F005F9416 /* Playground3.storyboard */,
				5F6C36392625F8890081DB74 /* Workshop.storyboard */,
			);
			path = Storyboards;
			sourceTree = "<group>";
		};
		5FBD6DCB261DB26A00EB0322 = {
			isa = PBXGroup;
			children = (
				5FBD6DD6261DB26A00EB0322 /* recycle-hero-app */,
				5FBD6DD5261DB26A00EB0322 /* Products */,
			);
			sourceTree = "<group>";
		};
		5FBD6DD5261DB26A00EB0322 /* Products */ = {
			isa = PBXGroup;
			children = (
				5FBD6DD4261DB26A00EB0322 /* recycle-hero-app.app */,
			);
			name = Products;
			sourceTree = "<group>";
		};
		5FBD6DD6261DB26A00EB0322 /* recycle-hero-app */ = {
			isa = PBXGroup;
			children = (
				5F0BC49326242AD3005F9416 /* Data */,
				5F0BC49226242AC0005F9416 /* Model */,
				5F0BC49526242AF0005F9416 /* Controllers */,
				5F0BC49726242B38005F9416 /* Storyboards */,
				5FBD6DD7261DB26A00EB0322 /* AppDelegate.swift */,
				5FBD6DD9261DB26A00EB0322 /* SceneDelegate.swift */,
				5F0A896B261EF1F7001E3FF2 /* UserProgress.swift */,
				5FBD6DE3261DB26B00EB0322 /* Assets.xcassets */,
				5FBD6DE5261DB26B00EB0322 /* LaunchScreen.storyboard */,
				5FBD6DE8261DB26B00EB0322 /* Info.plist */,
				5FBD6DE0261DB26A00EB0322 /* recycle_hero_app.xcdatamodeld */,
			);
			path = "recycle-hero-app";
			sourceTree = "<group>";
		};
		5FE3D9E326256FEE005C9C07 /* Story */ = {
			isa = PBXGroup;
			children = (
				5FE3D9D626255F3C005C9C07 /* StoryViewController.swift */,
				5FE3D9D326255B63005C9C07 /* StoryPageViewController.swift */,
				5FE3D9DF26256AA2005C9C07 /* StoryContentViewController.swift */,
			);
			path = Story;
			sourceTree = "<group>";
		};
/* End PBXGroup section */

/* Begin PBXNativeTarget section */
		5FBD6DD3261DB26A00EB0322 /* recycle-hero-app */ = {
			isa = PBXNativeTarget;
			buildConfigurationList = 5FBD6DEB261DB26B00EB0322 /* Build configuration list for PBXNativeTarget "recycle-hero-app" */;
			buildPhases = (
				5FBD6DD0261DB26A00EB0322 /* Sources */,
				5FBD6DD1261DB26A00EB0322 /* Frameworks */,
				5FBD6DD2261DB26A00EB0322 /* Resources */,
			);
			buildRules = (
			);
			dependencies = (
			);
			name = "recycle-hero-app";
			productName = "recycle-hero-app";
			productReference = 5FBD6DD4261DB26A00EB0322 /* recycle-hero-app.app */;
			productType = "com.apple.product-type.application";
		};
/* End PBXNativeTarget section */

/* Begin PBXProject section */
		5FBD6DCC261DB26A00EB0322 /* Project object */ = {
			isa = PBXProject;
			attributes = {
				LastSwiftUpdateCheck = 1240;
				LastUpgradeCheck = 1240;
				TargetAttributes = {
					5FBD6DD3261DB26A00EB0322 = {
						CreatedOnToolsVersion = 12.4;
					};
				};
			};
			buildConfigurationList = 5FBD6DCF261DB26A00EB0322 /* Build configuration list for PBXProject "recycle-hero-app" */;
			compatibilityVersion = "Xcode 9.3";
			developmentRegion = en;
			hasScannedForEncodings = 0;
			knownRegions = (
				en,
				Base,
			);
			mainGroup = 5FBD6DCB261DB26A00EB0322;
			productRefGroup = 5FBD6DD5261DB26A00EB0322 /* Products */;
			projectDirPath = "";
			projectRoot = "";
			targets = (
				5FBD6DD3261DB26A00EB0322 /* recycle-hero-app */,
			);
		};
/* End PBXProject section */

/* Begin PBXResourcesBuildPhase section */
		5FBD6DD2261DB26A00EB0322 /* Resources */ = {
			isa = PBXResourcesBuildPhase;
			buildActionMask = 2147483647;
			files = (
				5F0BC47C2624225F005F9416 /* Playground3.storyboard in Resources */,
				5FBD6DE7261DB26B00EB0322 /* LaunchScreen.storyboard in Resources */,
				5F0A896F261EF610001E3FF2 /* Playground1.storyboard in Resources */,
				5F0BC4742624221F005F9416 /* Playground2.storyboard in Resources */,
				5FBD6DF1261DB4FD00EB0322 /* StoryPage.storyboard in Resources */,
				5FBD6DE4261DB26B00EB0322 /* Assets.xcassets in Resources */,
				5FBD6DDF261DB26A00EB0322 /* Main.storyboard in Resources */,
				60184856261DF010008F6063 /* StageMenu.storyboard in Resources */,
				5F6C363D2625F88A0081DB74 /* Workshop.storyboard in Resources */,
			);
			runOnlyForDeploymentPostprocessing = 0;
		};
/* End PBXResourcesBuildPhase section */

/* Begin PBXSourcesBuildPhase section */
		5FBD6DD0261DB26A00EB0322 /* Sources */ = {
			isa = PBXSourcesBuildPhase;
			buildActionMask = 2147483647;
			files = (
				5F6C363C2625F88A0081DB74 /* RecycleCollectionViewCell.swift in Sources */,
				5FBD6DDC261DB26A00EB0322 /* ViewController.swift in Sources */,
				6000AC6B2621CFA000698B4A /* Item.swift in Sources */,
				5FBD6DE2261DB26A00EB0322 /* recycle_hero_app.xcdatamodeld in Sources */,
				5F6C363E2625F88A0081DB74 /* NormalItemDetailViewController.swift in Sources */,
				5F6C36362625F87E0081DB74 /* ItemDetailViewController.swift in Sources */,
				5FE3D9D726255F3C005C9C07 /* StoryViewController.swift in Sources */,
				5F0BC48C26242A7C005F9416 /* RecycledItemsData.swift in Sources */,
				5FE3D9E026256AA2005C9C07 /* StoryContentViewController.swift in Sources */,
				5FBD6DD8261DB26A00EB0322 /* AppDelegate.swift in Sources */,
				5F0BC47F26242276005F9416 /* Playground3ViewController.swift in Sources */,
				5FE3D9D426255B63005C9C07 /* StoryPageViewController.swift in Sources */,
				5F0BC47726242233005F9416 /* Playground2ViewController.swift in Sources */,
				5F0A896C261EF1F7001E3FF2 /* UserProgress.swift in Sources */,
				5F0BC48F26242A85005F9416 /* ItemData.swift in Sources */,
				6000AC6E2621D67200698B4A /* RecycledItem.swift in Sources */,
				5FBD6DDA261DB26A00EB0322 /* SceneDelegate.swift in Sources */,
				60184859261E0319008F6063 /* StageMenuController.swift in Sources */,
				5F0A8972261EF69E001E3FF2 /* Playground1ViewController.swift in Sources */,
				5F6C363F2625F88A0081DB74 /* WorkshopViewController.swift in Sources */,
			);
			runOnlyForDeploymentPostprocessing = 0;
		};
/* End PBXSourcesBuildPhase section */

/* Begin PBXVariantGroup section */
		5FBD6DDD261DB26A00EB0322 /* Main.storyboard */ = {
			isa = PBXVariantGroup;
			children = (
				5FBD6DDE261DB26A00EB0322 /* Base */,
			);
			name = Main.storyboard;
			sourceTree = "<group>";
		};
		5FBD6DE5261DB26B00EB0322 /* LaunchScreen.storyboard */ = {
			isa = PBXVariantGroup;
			children = (
				5FBD6DE6261DB26B00EB0322 /* Base */,
			);
			name = LaunchScreen.storyboard;
			sourceTree = "<group>";
		};
/* End PBXVariantGroup section */

/* Begin XCBuildConfiguration section */
		5FBD6DE9261DB26B00EB0322 /* Debug */ = {
			isa = XCBuildConfiguration;
			buildSettings = {
				ALWAYS_SEARCH_USER_PATHS = NO;
				CLANG_ANALYZER_NONNULL = YES;
				CLANG_ANALYZER_NUMBER_OBJECT_CONVERSION = YES_AGGRESSIVE;
				CLANG_CXX_LANGUAGE_STANDARD = "gnu++14";
				CLANG_CXX_LIBRARY = "libc++";
				CLANG_ENABLE_MODULES = YES;
				CLANG_ENABLE_OBJC_ARC = YES;
				CLANG_ENABLE_OBJC_WEAK = YES;
				CLANG_WARN_BLOCK_CAPTURE_AUTORELEASING = YES;
				CLANG_WARN_BOOL_CONVERSION = YES;
				CLANG_WARN_COMMA = YES;
				CLANG_WARN_CONSTANT_CONVERSION = YES;
				CLANG_WARN_DEPRECATED_OBJC_IMPLEMENTATIONS = YES;
				CLANG_WARN_DIRECT_OBJC_ISA_USAGE = YES_ERROR;
				CLANG_WARN_DOCUMENTATION_COMMENTS = YES;
				CLANG_WARN_EMPTY_BODY = YES;
				CLANG_WARN_ENUM_CONVERSION = YES;
				CLANG_WARN_INFINITE_RECURSION = YES;
				CLANG_WARN_INT_CONVERSION = YES;
				CLANG_WARN_NON_LITERAL_NULL_CONVERSION = YES;
				CLANG_WARN_OBJC_IMPLICIT_RETAIN_SELF = YES;
				CLANG_WARN_OBJC_LITERAL_CONVERSION = YES;
				CLANG_WARN_OBJC_ROOT_CLASS = YES_ERROR;
				CLANG_WARN_QUOTED_INCLUDE_IN_FRAMEWORK_HEADER = YES;
				CLANG_WARN_RANGE_LOOP_ANALYSIS = YES;
				CLANG_WARN_STRICT_PROTOTYPES = YES;
				CLANG_WARN_SUSPICIOUS_MOVE = YES;
				CLANG_WARN_UNGUARDED_AVAILABILITY = YES_AGGRESSIVE;
				CLANG_WARN_UNREACHABLE_CODE = YES;
				CLANG_WARN__DUPLICATE_METHOD_MATCH = YES;
				COPY_PHASE_STRIP = NO;
				DEBUG_INFORMATION_FORMAT = dwarf;
				ENABLE_STRICT_OBJC_MSGSEND = YES;
				ENABLE_TESTABILITY = YES;
				GCC_C_LANGUAGE_STANDARD = gnu11;
				GCC_DYNAMIC_NO_PIC = NO;
				GCC_NO_COMMON_BLOCKS = YES;
				GCC_OPTIMIZATION_LEVEL = 0;
				GCC_PREPROCESSOR_DEFINITIONS = (
					"DEBUG=1",
					"$(inherited)",
				);
				GCC_WARN_64_TO_32_BIT_CONVERSION = YES;
				GCC_WARN_ABOUT_RETURN_TYPE = YES_ERROR;
				GCC_WARN_UNDECLARED_SELECTOR = YES;
				GCC_WARN_UNINITIALIZED_AUTOS = YES_AGGRESSIVE;
				GCC_WARN_UNUSED_FUNCTION = YES;
				GCC_WARN_UNUSED_VARIABLE = YES;
				IPHONEOS_DEPLOYMENT_TARGET = 14.4;
				MTL_ENABLE_DEBUG_INFO = INCLUDE_SOURCE;
				MTL_FAST_MATH = YES;
				ONLY_ACTIVE_ARCH = YES;
				SDKROOT = iphoneos;
				SWIFT_ACTIVE_COMPILATION_CONDITIONS = DEBUG;
				SWIFT_OPTIMIZATION_LEVEL = "-Onone";
			};
			name = Debug;
		};
		5FBD6DEA261DB26B00EB0322 /* Release */ = {
			isa = XCBuildConfiguration;
			buildSettings = {
				ALWAYS_SEARCH_USER_PATHS = NO;
				CLANG_ANALYZER_NONNULL = YES;
				CLANG_ANALYZER_NUMBER_OBJECT_CONVERSION = YES_AGGRESSIVE;
				CLANG_CXX_LANGUAGE_STANDARD = "gnu++14";
				CLANG_CXX_LIBRARY = "libc++";
				CLANG_ENABLE_MODULES = YES;
				CLANG_ENABLE_OBJC_ARC = YES;
				CLANG_ENABLE_OBJC_WEAK = YES;
				CLANG_WARN_BLOCK_CAPTURE_AUTORELEASING = YES;
				CLANG_WARN_BOOL_CONVERSION = YES;
				CLANG_WARN_COMMA = YES;
				CLANG_WARN_CONSTANT_CONVERSION = YES;
				CLANG_WARN_DEPRECATED_OBJC_IMPLEMENTATIONS = YES;
				CLANG_WARN_DIRECT_OBJC_ISA_USAGE = YES_ERROR;
				CLANG_WARN_DOCUMENTATION_COMMENTS = YES;
				CLANG_WARN_EMPTY_BODY = YES;
				CLANG_WARN_ENUM_CONVERSION = YES;
				CLANG_WARN_INFINITE_RECURSION = YES;
				CLANG_WARN_INT_CONVERSION = YES;
				CLANG_WARN_NON_LITERAL_NULL_CONVERSION = YES;
				CLANG_WARN_OBJC_IMPLICIT_RETAIN_SELF = YES;
				CLANG_WARN_OBJC_LITERAL_CONVERSION = YES;
				CLANG_WARN_OBJC_ROOT_CLASS = YES_ERROR;
				CLANG_WARN_QUOTED_INCLUDE_IN_FRAMEWORK_HEADER = YES;
				CLANG_WARN_RANGE_LOOP_ANALYSIS = YES;
				CLANG_WARN_STRICT_PROTOTYPES = YES;
				CLANG_WARN_SUSPICIOUS_MOVE = YES;
				CLANG_WARN_UNGUARDED_AVAILABILITY = YES_AGGRESSIVE;
				CLANG_WARN_UNREACHABLE_CODE = YES;
				CLANG_WARN__DUPLICATE_METHOD_MATCH = YES;
				COPY_PHASE_STRIP = NO;
				DEBUG_INFORMATION_FORMAT = "dwarf-with-dsym";
				ENABLE_NS_ASSERTIONS = NO;
				ENABLE_STRICT_OBJC_MSGSEND = YES;
				GCC_C_LANGUAGE_STANDARD = gnu11;
				GCC_NO_COMMON_BLOCKS = YES;
				GCC_WARN_64_TO_32_BIT_CONVERSION = YES;
				GCC_WARN_ABOUT_RETURN_TYPE = YES_ERROR;
				GCC_WARN_UNDECLARED_SELECTOR = YES;
				GCC_WARN_UNINITIALIZED_AUTOS = YES_AGGRESSIVE;
				GCC_WARN_UNUSED_FUNCTION = YES;
				GCC_WARN_UNUSED_VARIABLE = YES;
				IPHONEOS_DEPLOYMENT_TARGET = 14.4;
				MTL_ENABLE_DEBUG_INFO = NO;
				MTL_FAST_MATH = YES;
				SDKROOT = iphoneos;
				SWIFT_COMPILATION_MODE = wholemodule;
				SWIFT_OPTIMIZATION_LEVEL = "-O";
				VALIDATE_PRODUCT = YES;
			};
			name = Release;
		};
		5FBD6DEC261DB26B00EB0322 /* Debug */ = {
			isa = XCBuildConfiguration;
			buildSettings = {
				ASSETCATALOG_COMPILER_APPICON_NAME = AppIcon;
				ASSETCATALOG_COMPILER_GLOBAL_ACCENT_COLOR_NAME = AccentColor;
				CODE_SIGN_STYLE = Automatic;
				INFOPLIST_FILE = "recycle-hero-app/Info.plist";
				LD_RUNPATH_SEARCH_PATHS = (
					"$(inherited)",
					"@executable_path/Frameworks",
				);
				PRODUCT_BUNDLE_IDENTIFIER = "group5.recycle-hero-app";
				PRODUCT_NAME = "$(TARGET_NAME)";
				SWIFT_VERSION = 5.0;
				TARGETED_DEVICE_FAMILY = 1;
			};
			name = Debug;
		};
		5FBD6DED261DB26B00EB0322 /* Release */ = {
			isa = XCBuildConfiguration;
			buildSettings = {
				ASSETCATALOG_COMPILER_APPICON_NAME = AppIcon;
				ASSETCATALOG_COMPILER_GLOBAL_ACCENT_COLOR_NAME = AccentColor;
				CODE_SIGN_STYLE = Automatic;
				INFOPLIST_FILE = "recycle-hero-app/Info.plist";
				LD_RUNPATH_SEARCH_PATHS = (
					"$(inherited)",
					"@executable_path/Frameworks",
				);
				PRODUCT_BUNDLE_IDENTIFIER = "group5.recycle-hero-app";
				PRODUCT_NAME = "$(TARGET_NAME)";
				SWIFT_VERSION = 5.0;
				TARGETED_DEVICE_FAMILY = 1;
			};
			name = Release;
		};
/* End XCBuildConfiguration section */

/* Begin XCConfigurationList section */
		5FBD6DCF261DB26A00EB0322 /* Build configuration list for PBXProject "recycle-hero-app" */ = {
			isa = XCConfigurationList;
			buildConfigurations = (
				5FBD6DE9261DB26B00EB0322 /* Debug */,
				5FBD6DEA261DB26B00EB0322 /* Release */,
			);
			defaultConfigurationIsVisible = 0;
			defaultConfigurationName = Release;
		};
		5FBD6DEB261DB26B00EB0322 /* Build configuration list for PBXNativeTarget "recycle-hero-app" */ = {
			isa = XCConfigurationList;
			buildConfigurations = (
				5FBD6DEC261DB26B00EB0322 /* Debug */,
				5FBD6DED261DB26B00EB0322 /* Release */,
			);
			defaultConfigurationIsVisible = 0;
			defaultConfigurationName = Release;
		};
/* End XCConfigurationList section */

/* Begin XCVersionGroup section */
		5FBD6DE0261DB26A00EB0322 /* recycle_hero_app.xcdatamodeld */ = {
			isa = XCVersionGroup;
			children = (
				5FBD6DE1261DB26A00EB0322 /* recycle_hero_app.xcdatamodel */,
			);
			currentVersion = 5FBD6DE1261DB26A00EB0322 /* recycle_hero_app.xcdatamodel */;
			path = recycle_hero_app.xcdatamodeld;
			sourceTree = "<group>";
			versionGroupType = wrapper.xcdatamodel;
		};
/* End XCVersionGroup section */
	};
	rootObject = 5FBD6DCC261DB26A00EB0322 /* Project object */;
}
